
Microsoft Visual Studio Solution File, Format Version 12.00
# Visual Studio Version 17
VisualStudioVersion = 17.14.36511.14 d17.14
MinimumVisualStudioVersion = 10.0.40219.1
Project("{FAE04EC0-301F-11D3-BF4B-00C04F79EFBC}") = "calificaciones.leliv", "calificaciones.leliv.csproj", "{D88CDCAF-A60E-4C85-863C-FE47B0CF8403}"
EndProject
Global
	GlobalSection(SolutionConfigurationPlatforms) = preSolution
		Debug|Any CPU = Debug|Any CPU
		Release|Any CPU = Release|Any CPU
	EndGlobalSection
	GlobalSection(ProjectConfigurationPlatforms) = postSolution
		{D88CDCAF-A60E-4C85-863C-FE47B0CF8403}.Debug|Any CPU.ActiveCfg = Debug|Any CPU
		{D88CDCAF-A60E-4C85-863C-FE47B0CF8403}.Debug|Any CPU.Build.0 = Debug|Any CPU
		{D88CDCAF-A60E-4C85-863C-FE47B0CF8403}.Release|Any CPU.ActiveCfg = Release|Any CPU
		{D88CDCAF-A60E-4C85-863C-FE47B0CF8403}.Release|Any CPU.Build.0 = Release|Any CPU
	EndGlobalSection
	GlobalSection(SolutionProperties) = preSolution
		HideSolutionNode = FALSE
	EndGlobalSection
	GlobalSection(ExtensibilityGlobals) = postSolution
		SolutionGuid = {35CBA805-0048-4718-98C5-177173C43887}
	EndGlobalSection
EndGlobal
